// !$*UTF8*$!
{
	archiveVersion = 1;
	classes = {
	};
	objectVersion = 46;
	objects = {

/* Begin PBXBuildFile section */
		7D5650BB190F5172009F5979 /* Foundation.framework in Frameworks */ = {isa = PBXBuildFile; fileRef = 7D5650BA190F5172009F5979 /* Foundation.framework */; };
		7D5650BD190F5172009F5979 /* CoreGraphics.framework in Frameworks */ = {isa = PBXBuildFile; fileRef = 7D5650BC190F5172009F5979 /* CoreGraphics.framework */; };
		7D5650BF190F5172009F5979 /* UIKit.framework in Frameworks */ = {isa = PBXBuildFile; fileRef = 7D5650BE190F5172009F5979 /* UIKit.framework */; };
		7D5650C5190F5172009F5979 /* InfoPlist.strings in Resources */ = {isa = PBXBuildFile; fileRef = 7D5650C3190F5172009F5979 /* InfoPlist.strings */; };
		7D5650C7190F5172009F5979 /* main.m in Sources */ = {isa = PBXBuildFile; fileRef = 7D5650C6190F5172009F5979 /* main.m */; };
		7D5650CB190F5172009F5979 /* TTAppDelegate.m in Sources */ = {isa = PBXBuildFile; fileRef = 7D5650CA190F5172009F5979 /* TTAppDelegate.m */; };
		7D5650CE190F5172009F5979 /* Main_iPhone.storyboard in Resources */ = {isa = PBXBuildFile; fileRef = 7D5650CC190F5172009F5979 /* Main_iPhone.storyboard */; };
		7D5650D1190F5172009F5979 /* Main_iPad.storyboard in Resources */ = {isa = PBXBuildFile; fileRef = 7D5650CF190F5172009F5979 /* Main_iPad.storyboard */; };
		7D5650D4190F5172009F5979 /* TTMasterViewController.m in Sources */ = {isa = PBXBuildFile; fileRef = 7D5650D3190F5172009F5979 /* TTMasterViewController.m */; };
		7D5650D7190F5172009F5979 /* TTDetailViewController.m in Sources */ = {isa = PBXBuildFile; fileRef = 7D5650D6190F5172009F5979 /* TTDetailViewController.m */; };
		7D5650D9190F5172009F5979 /* Images.xcassets in Resources */ = {isa = PBXBuildFile; fileRef = 7D5650D8190F5172009F5979 /* Images.xcassets */; };
		7D5650E0190F5172009F5979 /* XCTest.framework in Frameworks */ = {isa = PBXBuildFile; fileRef = 7D5650DF190F5172009F5979 /* XCTest.framework */; };
		7D5650E1190F5172009F5979 /* Foundation.framework in Frameworks */ = {isa = PBXBuildFile; fileRef = 7D5650BA190F5172009F5979 /* Foundation.framework */; };
		7D5650E2190F5172009F5979 /* UIKit.framework in Frameworks */ = {isa = PBXBuildFile; fileRef = 7D5650BE190F5172009F5979 /* UIKit.framework */; };
		7D5650EA190F5172009F5979 /* InfoPlist.strings in Resources */ = {isa = PBXBuildFile; fileRef = 7D5650E8190F5172009F5979 /* InfoPlist.strings */; };
		7D5650EC190F5172009F5979 /* TransparentTableViewTests.m in Sources */ = {isa = PBXBuildFile; fileRef = 7D5650EB190F5172009F5979 /* TransparentTableViewTests.m */; };
		7D5650F6190F5636009F5979 /* tennis-drills.png in Resources */ = {isa = PBXBuildFile; fileRef = 7D5650F5190F5636009F5979 /* tennis-drills.png */; };
		7D5650F9190F5D40009F5979 /* UIImage+ImageEffects.m in Sources */ = {isa = PBXBuildFile; fileRef = 7D5650F8190F5D40009F5979 /* UIImage+ImageEffects.m */; };
		7D5650FB190F61BB009F5979 /* golf.jpeg in Resources */ = {isa = PBXBuildFile; fileRef = 7D5650FA190F61BB009F5979 /* golf.jpeg */; };
/* End PBXBuildFile section */

/* Begin PBXContainerItemProxy section */
		7D5650E3190F5172009F5979 /* PBXContainerItemProxy */ = {
			isa = PBXContainerItemProxy;
			containerPortal = 7D5650AF190F5172009F5979 /* Project object */;
			proxyType = 1;
			remoteGlobalIDString = 7D5650B6190F5172009F5979;
			remoteInfo = TransparentTableView;
		};
/* End PBXContainerItemProxy section */

/* Begin PBXFileReference section */
		7D5650B7190F5172009F5979 /* TransparentTableView.app */ = {isa = PBXFileReference; explicitFileType = wrapper.application; includeInIndex = 0; path = TransparentTableView.app; sourceTree = BUILT_PRODUCTS_DIR; };
		7D5650BA190F5172009F5979 /* Foundation.framework */ = {isa = PBXFileReference; lastKnownFileType = wrapper.framework; name = Foundation.framework; path = System/Library/Frameworks/Foundation.framework; sourceTree = SDKROOT; };
		7D5650BC190F5172009F5979 /* CoreGraphics.framework */ = {isa = PBXFileReference; lastKnownFileType = wrapper.framework; name = CoreGraphics.framework; path = System/Library/Frameworks/CoreGraphics.framework; sourceTree = SDKROOT; };
		7D5650BE190F5172009F5979 /* UIKit.framework */ = {isa = PBXFileReference; lastKnownFileType = wrapper.framework; name = UIKit.framework; path = System/Library/Frameworks/UIKit.framework; sourceTree = SDKROOT; };
		7D5650C2190F5172009F5979 /* TransparentTableView-Info.plist */ = {isa = PBXFileReference; lastKnownFileType = text.plist.xml; path = "TransparentTableView-Info.plist"; sourceTree = "<group>"; };
		7D5650C4190F5172009F5979 /* en */ = {isa = PBXFileReference; lastKnownFileType = text.plist.strings; name = en; path = en.lproj/InfoPlist.strings; sourceTree = "<group>"; };
		7D5650C6190F5172009F5979 /* main.m */ = {isa = PBXFileReference; lastKnownFileType = sourcecode.c.objc; path = main.m; sourceTree = "<group>"; };
		7D5650C8190F5172009F5979 /* TransparentTableView-Prefix.pch */ = {isa = PBXFileReference; lastKnownFileType = sourcecode.c.h; path = "TransparentTableView-Prefix.pch"; sourceTree = "<group>"; };
		7D5650C9190F5172009F5979 /* TTAppDelegate.h */ = {isa = PBXFileReference; lastKnownFileType = sourcecode.c.h; path = TTAppDelegate.h; sourceTree = "<group>"; };
		7D5650CA190F5172009F5979 /* TTAppDelegate.m */ = {isa = PBXFileReference; lastKnownFileType = sourcecode.c.objc; path = TTAppDelegate.m; sourceTree = "<group>"; };
		7D5650CD190F5172009F5979 /* Base */ = {isa = PBXFileReference; lastKnownFileType = file.storyboard; name = Base; path = Base.lproj/Main_iPhone.storyboard; sourceTree = "<group>"; };
		7D5650D0190F5172009F5979 /* Base */ = {isa = PBXFileReference; lastKnownFileType = file.storyboard; name = Base; path = Base.lproj/Main_iPad.storyboard; sourceTree = "<group>"; };
		7D5650D2190F5172009F5979 /* TTMasterViewController.h */ = {isa = PBXFileReference; lastKnownFileType = sourcecode.c.h; path = TTMasterViewController.h; sourceTree = "<group>"; };
		7D5650D3190F5172009F5979 /* TTMasterViewController.m */ = {isa = PBXFileReference; lastKnownFileType = sourcecode.c.objc; path = TTMasterViewController.m; sourceTree = "<group>"; };
		7D5650D5190F5172009F5979 /* TTDetailViewController.h */ = {isa = PBXFileReference; lastKnownFileType = sourcecode.c.h; path = TTDetailViewController.h; sourceTree = "<group>"; };
		7D5650D6190F5172009F5979 /* TTDetailViewController.m */ = {isa = PBXFileReference; lastKnownFileType = sourcecode.c.objc; path = TTDetailViewController.m; sourceTree = "<group>"; };
		7D5650D8190F5172009F5979 /* Images.xcassets */ = {isa = PBXFileReference; lastKnownFileType = folder.assetcatalog; path = Images.xcassets; sourceTree = "<group>"; };
		7D5650DE190F5172009F5979 /* TransparentTableViewTests.xctest */ = {isa = PBXFileReference; explicitFileType = wrapper.cfbundle; includeInIndex = 0; path = TransparentTableViewTests.xctest; sourceTree = BUILT_PRODUCTS_DIR; };
		7D5650DF190F5172009F5979 /* XCTest.framework */ = {isa = PBXFileReference; lastKnownFileType = wrapper.framework; name = XCTest.framework; path = Library/Frameworks/XCTest.framework; sourceTree = DEVELOPER_DIR; };
		7D5650E7190F5172009F5979 /* TransparentTableViewTests-Info.plist */ = {isa = PBXFileReference; lastKnownFileType = text.plist.xml; path = "TransparentTableViewTests-Info.plist"; sourceTree = "<group>"; };
		7D5650E9190F5172009F5979 /* en */ = {isa = PBXFileReference; lastKnownFileType = text.plist.strings; name = en; path = en.lproj/InfoPlist.strings; sourceTree = "<group>"; };
		7D5650EB190F5172009F5979 /* TransparentTableViewTests.m */ = {isa = PBXFileReference; lastKnownFileType = sourcecode.c.objc; path = TransparentTableViewTests.m; sourceTree = "<group>"; };
		7D5650F5190F5636009F5979 /* tennis-drills.png */ = {isa = PBXFileReference; lastKnownFileType = image.png; path = "tennis-drills.png"; sourceTree = "<group>"; };
		7D5650F7190F5D40009F5979 /* UIImage+ImageEffects.h */ = {isa = PBXFileReference; fileEncoding = 4; lastKnownFileType = sourcecode.c.h; path = "UIImage+ImageEffects.h"; sourceTree = "<group>"; };
		7D5650F8190F5D40009F5979 /* UIImage+ImageEffects.m */ = {isa = PBXFileReference; fileEncoding = 4; lastKnownFileType = sourcecode.c.objc; path = "UIImage+ImageEffects.m"; sourceTree = "<group>"; };
		7D5650FA190F61BB009F5979 /* golf.jpeg */ = {isa = PBXFileReference; lastKnownFileType = image.jpeg; path = golf.jpeg; sourceTree = "<group>"; };
/* End PBXFileReference section */

/* Begin PBXFrameworksBuildPhase section */
		7D5650B4190F5172009F5979 /* Frameworks */ = {
			isa = PBXFrameworksBuildPhase;
			buildActionMask = 2147483647;
			files = (
				7D5650BD190F5172009F5979 /* CoreGraphics.framework in Frameworks */,
				7D5650BF190F5172009F5979 /* UIKit.framework in Frameworks */,
				7D5650BB190F5172009F5979 /* Foundation.framework in Frameworks */,
			);
			runOnlyForDeploymentPostprocessing = 0;
		};
		7D5650DB190F5172009F5979 /* Frameworks */ = {
			isa = PBXFrameworksBuildPhase;
			buildActionMask = 2147483647;
			files = (
				7D5650E0190F5172009F5979 /* XCTest.framework in Frameworks */,
				7D5650E2190F5172009F5979 /* UIKit.framework in Frameworks */,
				7D5650E1190F5172009F5979 /* Foundation.framework in Frameworks */,
			);
			runOnlyForDeploymentPostprocessing = 0;
		};
/* End PBXFrameworksBuildPhase section */

/* Begin PBXGroup section */
		7D5650AE190F5172009F5979 = {
			isa = PBXGroup;
			children = (
				7D5650C0190F5172009F5979 /* TransparentTableView */,
				7D5650E5190F5172009F5979 /* TransparentTableViewTests */,
				7D5650B9190F5172009F5979 /* Frameworks */,
				7D5650B8190F5172009F5979 /* Products */,
			);
			sourceTree = "<group>";
		};
		7D5650B8190F5172009F5979 /* Products */ = {
			isa = PBXGroup;
			children = (
				7D5650B7190F5172009F5979 /* TransparentTableView.app */,
				7D5650DE190F5172009F5979 /* TransparentTableViewTests.xctest */,
			);
			name = Products;
			sourceTree = "<group>";
		};
		7D5650B9190F5172009F5979 /* Frameworks */ = {
			isa = PBXGroup;
			children = (
				7D5650BA190F5172009F5979 /* Foundation.framework */,
				7D5650BC190F5172009F5979 /* CoreGraphics.framework */,
				7D5650BE190F5172009F5979 /* UIKit.framework */,
				7D5650DF190F5172009F5979 /* XCTest.framework */,
			);
			name = Frameworks;
			sourceTree = "<group>";
		};
		7D5650C0190F5172009F5979 /* TransparentTableView */ = {
			isa = PBXGroup;
			children = (
				7D5650F7190F5D40009F5979 /* UIImage+ImageEffects.h */,
				7D5650F8190F5D40009F5979 /* UIImage+ImageEffects.m */,
				7D5650C9190F5172009F5979 /* TTAppDelegate.h */,
				7D5650CA190F5172009F5979 /* TTAppDelegate.m */,
				7D5650CC190F5172009F5979 /* Main_iPhone.storyboard */,
				7D5650CF190F5172009F5979 /* Main_iPad.storyboard */,
				7D5650D2190F5172009F5979 /* TTMasterViewController.h */,
				7D5650D3190F5172009F5979 /* TTMasterViewController.m */,
				7D5650D5190F5172009F5979 /* TTDetailViewController.h */,
				7D5650D6190F5172009F5979 /* TTDetailViewController.m */,
				7D5650D8190F5172009F5979 /* Images.xcassets */,
				7D5650C1190F5172009F5979 /* Supporting Files */,
			);
			path = TransparentTableView;
			sourceTree = "<group>";
		};
		7D5650C1190F5172009F5979 /* Supporting Files */ = {
			isa = PBXGroup;
			children = (
				7D5650FA190F61BB009F5979 /* golf.jpeg */,
				7D5650F5190F5636009F5979 /* tennis-drills.png */,
				7D5650C2190F5172009F5979 /* TransparentTableView-Info.plist */,
				7D5650C3190F5172009F5979 /* InfoPlist.strings */,
				7D5650C6190F5172009F5979 /* main.m */,
				7D5650C8190F5172009F5979 /* TransparentTableView-Prefix.pch */,
			);
			name = "Supporting Files";
			sourceTree = "<group>";
		};
		7D5650E5190F5172009F5979 /* TransparentTableViewTests */ = {
			isa = PBXGroup;
			children = (
				7D5650EB190F5172009F5979 /* TransparentTableViewTests.m */,
				7D5650E6190F5172009F5979 /* Supporting Files */,
			);
			path = TransparentTableViewTests;
			sourceTree = "<group>";
		};
		7D5650E6190F5172009F5979 /* Supporting Files */ = {
			isa = PBXGroup;
			children = (
				7D5650E7190F5172009F5979 /* TransparentTableViewTests-Info.plist */,
				7D5650E8190F5172009F5979 /* InfoPlist.strings */,
			);
			name = "Supporting Files";
			sourceTree = "<group>";
		};
/* End PBXGroup section */

/* Begin PBXNativeTarget section */
		7D5650B6190F5172009F5979 /* TransparentTableView */ = {
			isa = PBXNativeTarget;
			buildConfigurationList = 7D5650EF190F5172009F5979 /* Build configuration list for PBXNativeTarget "TransparentTableView" */;
			buildPhases = (
				7D5650B3190F5172009F5979 /* Sources */,
				7D5650B4190F5172009F5979 /* Frameworks */,
				7D5650B5190F5172009F5979 /* Resources */,
			);
			buildRules = (
			);
			dependencies = (
			);
			name = TransparentTableView;
			productName = TransparentTableView;
			productReference = 7D5650B7190F5172009F5979 /* TransparentTableView.app */;
			productType = "com.apple.product-type.application";
		};
		7D5650DD190F5172009F5979 /* TransparentTableViewTests */ = {
			isa = PBXNativeTarget;
			buildConfigurationList = 7D5650F2190F5172009F5979 /* Build configuration list for PBXNativeTarget "TransparentTableViewTests" */;
			buildPhases = (
				7D5650DA190F5172009F5979 /* Sources */,
				7D5650DB190F5172009F5979 /* Frameworks */,
				7D5650DC190F5172009F5979 /* Resources */,
			);
			buildRules = (
			);
			dependencies = (
				7D5650E4190F5172009F5979 /* PBXTargetDependency */,
			);
			name = TransparentTableViewTests;
			productName = TransparentTableViewTests;
			productReference = 7D5650DE190F5172009F5979 /* TransparentTableViewTests.xctest */;
			productType = "com.apple.product-type.bundle.unit-test";
		};
/* End PBXNativeTarget section */

/* Begin PBXProject section */
		7D5650AF190F5172009F5979 /* Project object */ = {
			isa = PBXProject;
			attributes = {
				CLASSPREFIX = TT;
				LastUpgradeCheck = 0510;
				ORGANIZATIONNAME = "Liangjun Jiang";
				TargetAttributes = {
					7D5650DD190F5172009F5979 = {
						TestTargetID = 7D5650B6190F5172009F5979;
					};
				};
			};
			buildConfigurationList = 7D5650B2190F5172009F5979 /* Build configuration list for PBXProject "TransparentTableView" */;
			compatibilityVersion = "Xcode 3.2";
			developmentRegion = English;
			hasScannedForEncodings = 0;
			knownRegions = (
				en,
				Base,
			);
			mainGroup = 7D5650AE190F5172009F5979;
			productRefGroup = 7D5650B8190F5172009F5979 /* Products */;
			projectDirPath = "";
			projectRoot = "";
			targets = (
				7D5650B6190F5172009F5979 /* TransparentTableView */,
				7D5650DD190F5172009F5979 /* TransparentTableViewTests */,
			);
		};
/* End PBXProject section */

/* Begin PBXResourcesBuildPhase section */
		7D5650B5190F5172009F5979 /* Resources */ = {
			isa = PBXResourcesBuildPhase;
			buildActionMask = 2147483647;
			files = (
				7D5650D1190F5172009F5979 /* Main_iPad.storyboard in Resources */,
				7D5650D9190F5172009F5979 /* Images.xcassets in Resources */,
				7D5650F6190F5636009F5979 /* tennis-drills.png in Resources */,
				7D5650FB190F61BB009F5979 /* golf.jpeg in Resources */,
				7D5650CE190F5172009F5979 /* Main_iPhone.storyboard in Resources */,
				7D5650C5190F5172009F5979 /* InfoPlist.strings in Resources */,
			);
			runOnlyForDeploymentPostprocessing = 0;
		};
		7D5650DC190F5172009F5979 /* Resources */ = {
			isa = PBXResourcesBuildPhase;
			buildActionMask = 2147483647;
			files = (
				7D5650EA190F5172009F5979 /* InfoPlist.strings in Resources */,
			);
			runOnlyForDeploymentPostprocessing = 0;
		};
/* End PBXResourcesBuildPhase section */

/* Begin PBXSourcesBuildPhase section */
		7D5650B3190F5172009F5979 /* Sources */ = {
			isa = PBXSourcesBuildPhase;
			buildActionMask = 2147483647;
			files = (
				7D5650CB190F5172009F5979 /* TTAppDelegate.m in Sources */,
				7D5650F9190F5D40009F5979 /* UIImage+ImageEffects.m in Sources */,
				7D5650D7190F5172009F5979 /* TTDetailViewController.m in Sources */,
				7D5650C7190F5172009F5979 /* main.m in Sources */,
				7D5650D4190F5172009F5979 /* TTMasterViewController.m in Sources */,
			);
			runOnlyForDeploymentPostprocessing = 0;
		};
		7D5650DA190F5172009F5979 /* Sources */ = {
			isa = PBXSourcesBuildPhase;
			buildActionMask = 2147483647;
			files = (
				7D5650EC190F5172009F5979 /* TransparentTableViewTests.m in Sources */,
			);
			runOnlyForDeploymentPostprocessing = 0;
		};
/* End PBXSourcesBuildPhase section */

/* Begin PBXTargetDependency section */
		7D5650E4190F5172009F5979 /* PBXTargetDependency */ = {
			isa = PBXTargetDependency;
			target = 7D5650B6190F5172009F5979 /* TransparentTableView */;
			targetProxy = 7D5650E3190F5172009F5979 /* PBXContainerItemProxy */;
		};
/* End PBXTargetDependency section */

/* Begin PBXVariantGroup section */
		7D5650C3190F5172009F5979 /* InfoPlist.strings */ = {
			isa = PBXVariantGroup;
			children = (
				7D5650C4190F5172009F5979 /* en */,
			);
			name = InfoPlist.strings;
			sourceTree = "<group>";
		};
		7D5650CC190F5172009F5979 /* Main_iPhone.storyboard */ = {
			isa = PBXVariantGroup;
			children = (
				7D5650CD190F5172009F5979 /* Base */,
			);
			name = Main_iPhone.storyboard;
			sourceTree = "<group>";
		};
		7D5650CF190F5172009F5979 /* Main_iPad.storyboard */ = {
			isa = PBXVariantGroup;
			children = (
				7D5650D0190F5172009F5979 /* Base */,
			);
			name = Main_iPad.storyboard;
			sourceTree = "<group>";
		};
		7D5650E8190F5172009F5979 /* InfoPlist.strings */ = {
			isa = PBXVariantGroup;
			children = (
				7D5650E9190F5172009F5979 /* en */,
			);
			name = InfoPlist.strings;
			sourceTree = "<group>";
		};
/* End PBXVariantGroup section */

/* Begin XCBuildConfiguration section */
		7D5650ED190F5172009F5979 /* Debug */ = {
			isa = XCBuildConfiguration;
			buildSettings = {
				ALWAYS_SEARCH_USER_PATHS = NO;
				CLANG_CXX_LANGUAGE_STANDARD = "gnu++0x";
				CLANG_CXX_LIBRARY = "libc++";
				CLANG_ENABLE_MODULES = YES;
				CLANG_ENABLE_OBJC_ARC = YES;
				CLANG_WARN_BOOL_CONVERSION = YES;
				CLANG_WARN_CONSTANT_CONVERSION = YES;
				CLANG_WARN_DIRECT_OBJC_ISA_USAGE = YES_ERROR;
				CLANG_WARN_EMPTY_BODY = YES;
				CLANG_WARN_ENUM_CONVERSION = YES;
				CLANG_WARN_INT_CONVERSION = YES;
				CLANG_WARN_OBJC_ROOT_CLASS = YES_ERROR;
				CLANG_WARN__DUPLICATE_METHOD_MATCH = YES;
				"CODE_SIGN_IDENTITY[sdk=iphoneos*]" = "iPhone Developer";
				COPY_PHASE_STRIP = NO;
				GCC_C_LANGUAGE_STANDARD = gnu99;
				GCC_DYNAMIC_NO_PIC = NO;
				GCC_OPTIMIZATION_LEVEL = 0;
				GCC_PREPROCESSOR_DEFINITIONS = (
					"DEBUG=1",
					"$(inherited)",
				);
				GCC_SYMBOLS_PRIVATE_EXTERN = NO;
				GCC_WARN_64_TO_32_BIT_CONVERSION = YES;
				GCC_WARN_ABOUT_RETURN_TYPE = YES_ERROR;
				GCC_WARN_UNDECLARED_SELECTOR = YES;
				GCC_WARN_UNINITIALIZED_AUTOS = YES_AGGRESSIVE;
				GCC_WARN_UNUSED_FUNCTION = YES;
				GCC_WARN_UNUSED_VARIABLE = YES;
				IPHONEOS_DEPLOYMENT_TARGET = 7.1;
				ONLY_ACTIVE_ARCH = YES;
				SDKROOT = iphoneos;
				TARGETED_DEVICE_FAMILY = "1,2";
			};
			name = Debug;
		};
		7D5650EE190F5172009F5979 /* Release */ = {
			isa = XCBuildConfiguration;
			buildSettings = {
				ALWAYS_SEARCH_USER_PATHS = NO;
				CLANG_CXX_LANGUAGE_STANDARD = "gnu++0x";
				CLANG_CXX_LIBRARY = "libc++";
				CLANG_ENABLE_MODULES = YES;
				CLANG_ENABLE_OBJC_ARC = YES;
				CLANG_WARN_BOOL_CONVERSION = YES;
				CLANG_WARN_CONSTANT_CONVERSION = YES;
				CLANG_WARN_DIRECT_OBJC_ISA_USAGE = YES_ERROR;
				CLANG_WARN_EMPTY_BODY = YES;
				CLANG_WARN_ENUM_CONVERSION = YES;
				CLANG_WARN_INT_CONVERSION = YES;
				CLANG_WARN_OBJC_ROOT_CLASS = YES_ERROR;
				CLANG_WARN__DUPLICATE_METHOD_MATCH = YES;
				"CODE_SIGN_IDENTITY[sdk=iphoneos*]" = "iPhone Developer";
				COPY_PHASE_STRIP = YES;
				ENABLE_NS_ASSERTIONS = NO;
				GCC_C_LANGUAGE_STANDARD = gnu99;
				GCC_WARN_64_TO_32_BIT_CONVERSION = YES;
				GCC_WARN_ABOUT_RETURN_TYPE = YES_ERROR;
				GCC_WARN_UNDECLARED_SELECTOR = YES;
				GCC_WARN_UNINITIALIZED_AUTOS = YES_AGGRESSIVE;
				GCC_WARN_UNUSED_FUNCTION = YES;
				GCC_WARN_UNUSED_VARIABLE = YES;
				IPHONEOS_DEPLOYMENT_TARGET = 7.1;
				SDKROOT = iphoneos;
				TARGETED_DEVICE_FAMILY = "1,2";
				VALIDATE_PRODUCT = YES;
			};
			name = Release;
		};
		7D5650F0190F5172009F5979 /* Debug */ = {
			isa = XCBuildConfiguration;
			buildSettings = {
				ASSETCATALOG_COMPILER_APPICON_NAME = AppIcon;
				ASSETCATALOG_COMPILER_LAUNCHIMAGE_NAME = LaunchImage;
				GCC_PRECOMPILE_PREFIX_HEADER = YES;
				GCC_PREFIX_HEADER = "TransparentTableView/TransparentTableView-Prefix.pch";
				INFOPLIST_FILE = "TransparentTableView/TransparentTableView-Info.plist";
				PRODUCT_NAME = "$(TARGET_NAME)";
				WRAPPER_EXTENSION = app;
			};
			name = Debug;
		};
		7D5650F1190F5172009F5979 /* Release */ = {
			isa = XCBuildConfiguration;
			buildSettings = {
				ASSETCATALOG_COMPILER_APPICON_NAME = AppIcon;
				ASSETCATALOG_COMPILER_LAUNCHIMAGE_NAME = LaunchImage;
				GCC_PRECOMPILE_PREFIX_HEADER = YES;
				GCC_PREFIX_HEADER = "TransparentTableView/TransparentTableView-Prefix.pch";
				INFOPLIST_FILE = "TransparentTableView/TransparentTableView-Info.plist";
				PRODUCT_NAME = "$(TARGET_NAME)";
				WRAPPER_EXTENSION = app;
			};
			name = Release;
		};
		7D5650F3190F5172009F5979 /* Debug */ = {
			isa = XCBuildConfiguration;
			buildSettings = {
				BUNDLE_LOADER = "$(BUILT_PRODUCTS_DIR)/TransparentTableView.app/TransparentTableView";
				FRAMEWORK_SEARCH_PATHS = (
					"$(SDKROOT)/Developer/Library/Frameworks",
					"$(inherited)",
					"$(DEVELOPER_FRAMEWORKS_DIR)",
				);
				GCC_PRECOMPILE_PREFIX_HEADER = YES;
				GCC_PREFIX_HEADER = "TransparentTableView/TransparentTableView-Prefix.pch";
				GCC_PREPROCESSOR_DEFINITIONS = (
					"DEBUG=1",
					"$(inherited)",
				);
				INFOPLIST_FILE = "TransparentTableViewTests/TransparentTableViewTests-Info.plist";
				PRODUCT_NAME = "$(TARGET_NAME)";
				TEST_HOST = "$(BUNDLE_LOADER)";
				WRAPPER_EXTENSION = xctest;
			};
			name = Debug;
		};
		7D5650F4190F5172009F5979 /* Release */ = {
			isa = XCBuildConfiguration;
			buildSettings = {
				BUNDLE_LOADER = "$(BUILT_PRODUCTS_DIR)/TransparentTableView.app/TransparentTableView";
				FRAMEWORK_SEARCH_PATHS = (
					"$(SDKROOT)/Developer/Library/Frameworks",
					"$(inherited)",
					"$(DEVELOPER_FRAMEWORKS_DIR)",
				);
				GCC_PRECOMPILE_PREFIX_HEADER = YES;
				GCC_PREFIX_HEADER = "TransparentTableView/TransparentTableView-Prefix.pch";
				INFOPLIST_FILE = "TransparentTableViewTests/TransparentTableViewTests-Info.plist";
				PRODUCT_NAME = "$(TARGET_NAME)";
				TEST_HOST = "$(BUNDLE_LOADER)";
				WRAPPER_EXTENSION = xctest;
			};
			name = Release;
		};
/* End XCBuildConfiguration section */

/* Begin XCConfigurationList section */
		7D5650B2190F5172009F5979 /* Build configuration list for PBXProject "TransparentTableView" */ = {
			isa = XCConfigurationList;
			buildConfigurations = (
				7D5650ED190F5172009F5979 /* Debug */,
				7D5650EE190F5172009F5979 /* Release */,
			);
			defaultConfigurationIsVisible = 0;
			defaultConfigurationName = Release;
		};
		7D5650EF190F5172009F5979 /* Build configuration list for PBXNativeTarget "TransparentTableView" */ = {
			isa = XCConfigurationList;
			buildConfigurations = (
				7D5650F0190F5172009F5979 /* Debug */,
				7D5650F1190F5172009F5979 /* Release */,
			);
			defaultConfigurationIsVisible = 0;
		};
		7D5650F2190F5172009F5979 /* Build configuration list for PBXNativeTarget "TransparentTableViewTests" */ = {
			isa = XCConfigurationList;
			buildConfigurations = (
				7D5650F3190F5172009F5979 /* Debug */,
				7D5650F4190F5172009F5979 /* Release */,
			);
			defaultConfigurationIsVisible = 0;
		};
/* End XCConfigurationList section */
	};
	rootObject = 7D5650AF190F5172009F5979 /* Project object */;
}
